// !$*UTF8*$!
{
	archiveVersion = 1;
	classes = {
	};
	objectVersion = 50;
	objects = {

/* Begin PBXBuildFile section */
		D231D61524730A8700CEB7B2 /* AppDelegate.swift in Sources */ = {isa = PBXBuildFile; fileRef = D231D61424730A8700CEB7B2 /* AppDelegate.swift */; };
		D231D61724730A8700CEB7B2 /* SceneDelegate.swift in Sources */ = {isa = PBXBuildFile; fileRef = D231D61624730A8700CEB7B2 /* SceneDelegate.swift */; };
		D231D61924730A8700CEB7B2 /* ViewController.swift in Sources */ = {isa = PBXBuildFile; fileRef = D231D61824730A8700CEB7B2 /* ViewController.swift */; };
		D231D61C24730A8700CEB7B2 /* Main.storyboard in Resources */ = {isa = PBXBuildFile; fileRef = D231D61A24730A8700CEB7B2 /* Main.storyboard */; };
		D231D61E24730A8900CEB7B2 /* Assets.xcassets in Resources */ = {isa = PBXBuildFile; fileRef = D231D61D24730A8900CEB7B2 /* Assets.xcassets */; };
		D231D62124730A8900CEB7B2 /* LaunchScreen.storyboard in Resources */ = {isa = PBXBuildFile; fileRef = D231D61F24730A8900CEB7B2 /* LaunchScreen.storyboard */; };
/* End PBXBuildFile section */

/* Begin PBXFileReference section */
		D231D61124730A8700CEB7B2 /* Eat Better.app */ = {isa = PBXFileReference; explicitFileType = wrapper.application; includeInIndex = 0; path = "Eat Better.app"; sourceTree = BUILT_PRODUCTS_DIR; };
		D231D61424730A8700CEB7B2 /* AppDelegate.swift */ = {isa = PBXFileReference; lastKnownFileType = sourcecode.swift; path = AppDelegate.swift; sourceTree = "<group>"; };
		D231D61624730A8700CEB7B2 /* SceneDelegate.swift */ = {isa = PBXFileReference; lastKnownFileType = sourcecode.swift; path = SceneDelegate.swift; sourceTree = "<group>"; };
		D231D61824730A8700CEB7B2 /* ViewController.swift */ = {isa = PBXFileReference; lastKnownFileType = sourcecode.swift; path = ViewController.swift; sourceTree = "<group>"; };
		D231D61B24730A8700CEB7B2 /* Base */ = {isa = PBXFileReference; lastKnownFileType = file.storyboard; name = Base; path = Base.lproj/Main.storyboard; sourceTree = "<group>"; };
		D231D61D24730A8900CEB7B2 /* Assets.xcassets */ = {isa = PBXFileReference; lastKnownFileType = folder.assetcatalog; path = Assets.xcassets; sourceTree = "<group>"; };
		D231D62024730A8900CEB7B2 /* Base */ = {isa = PBXFileReference; lastKnownFileType = file.storyboard; name = Base; path = Base.lproj/LaunchScreen.storyboard; sourceTree = "<group>"; };
		D231D62224730A8900CEB7B2 /* Info.plist */ = {isa = PBXFileReference; lastKnownFileType = text.plist.xml; path = Info.plist; sourceTree = "<group>"; };
/* End PBXFileReference section */

/* Begin PBXFrameworksBuildPhase section */
		D231D60E24730A8700CEB7B2 /* Frameworks */ = {
			isa = PBXFrameworksBuildPhase;
			buildActionMask = 2147483647;
			files = (
			);
			runOnlyForDeploymentPostprocessing = 0;
		};
/* End PBXFrameworksBuildPhase section */

/* Begin PBXGroup section */
		D231D60824730A8700CEB7B2 = {
			isa = PBXGroup;
			children = (
				D231D61324730A8700CEB7B2 /* Eat Better */,
				D231D61224730A8700CEB7B2 /* Products */,
			);
			sourceTree = "<group>";
		};
		D231D61224730A8700CEB7B2 /* Products */ = {
			isa = PBXGroup;
			children = (
				D231D61124730A8700CEB7B2 /* Eat Better.app */,
			);
			name = Products;
			sourceTree = "<group>";
		};
		D231D61324730A8700CEB7B2 /* Eat Better */ = {
			isa = PBXGroup;
			children = (
				D231D61424730A8700CEB7B2 /* AppDelegate.swift */,
				D231D61624730A8700CEB7B2 /* SceneDelegate.swift */,
				D231D61824730A8700CEB7B2 /* ViewController.swift */,
				D231D61A24730A8700CEB7B2 /* Main.storyboard */,
				D231D61D24730A8900CEB7B2 /* Assets.xcassets */,
				D231D61F24730A8900CEB7B2 /* LaunchScreen.storyboard */,
				D231D62224730A8900CEB7B2 /* Info.plist */,
			);
			path = "Eat Better";
			sourceTree = "<group>";
		};
/* End PBXGroup section */

/* Begin PBXNativeTarget section */
		D231D61024730A8700CEB7B2 /* Eat Better */ = {
			isa = PBXNativeTarget;
			buildConfigurationList = D231D62524730A8900CEB7B2 /* Build configuration list for PBXNativeTarget "Eat Better" */;
			buildPhases = (
				D231D60D24730A8700CEB7B2 /* Sources */,
				D231D60E24730A8700CEB7B2 /* Frameworks */,
				D231D60F24730A8700CEB7B2 /* Resources */,
			);
			buildRules = (
			);
			dependencies = (
			);
			name = "Eat Better";
			productName = "Eat Better";
			productReference = D231D61124730A8700CEB7B2 /* Eat Better.app */;
			productType = "com.apple.product-type.application";
		};
/* End PBXNativeTarget section */

/* Begin PBXProject section */
		D231D60924730A8700CEB7B2 /* Project object */ = {
			isa = PBXProject;
			attributes = {
				LastSwiftUpdateCheck = 1130;
				LastUpgradeCheck = 1130;
				ORGANIZATIONNAME = "Inna Litvinenko";
				TargetAttributes = {
					D231D61024730A8700CEB7B2 = {
						CreatedOnToolsVersion = 11.3.1;
					};
				};
			};
			buildConfigurationList = D231D60C24730A8700CEB7B2 /* Build configuration list for PBXProject "Eat Better" */;
			compatibilityVersion = "Xcode 9.3";
			developmentRegion = en;
			hasScannedForEncodings = 0;
			knownRegions = (
				en,
				Base,
			);
			mainGroup = D231D60824730A8700CEB7B2;
			productRefGroup = D231D61224730A8700CEB7B2 /* Products */;
			projectDirPath = "";
			projectRoot = "";
			targets = (
				D231D61024730A8700CEB7B2 /* Eat Better */,
			);
		};
/* End PBXProject section */

/* Begin PBXResourcesBuildPhase section */
		D231D60F24730A8700CEB7B2 /* Resources */ = {
			isa = PBXResourcesBuildPhase;
			buildActionMask = 2147483647;
			files = (
				D231D62124730A8900CEB7B2 /* LaunchScreen.storyboard in Resources */,
				D231D61E24730A8900CEB7B2 /* Assets.xcassets in Resources */,
				D231D61C24730A8700CEB7B2 /* Main.storyboard in Resources */,
			);
			runOnlyForDeploymentPostprocessing = 0;
		};
/* End PBXResourcesBuildPhase section */

/* Begin PBXSourcesBuildPhase section */
		D231D60D24730A8700CEB7B2 /* Sources */ = {
			isa = PBXSourcesBuildPhase;
			buildActionMask = 2147483647;
			files = (
				D231D61924730A8700CEB7B2 /* ViewController.swift in Sources */,
				D231D61524730A8700CEB7B2 /* AppDelegate.swift in Sources */,
				D231D61724730A8700CEB7B2 /* SceneDelegate.swift in Sources */,
			);
			runOnlyForDeploymentPostprocessing = 0;
		};
/* End PBXSourcesBuildPhase section */

/* Begin PBXVariantGroup section */
		D231D61A24730A8700CEB7B2 /* Main.storyboard */ = {
			isa = PBXVariantGroup;
			children = (
				D231D61B24730A8700CEB7B2 /* Base */,
			);
			name = Main.storyboard;
			sourceTree = "<group>";
		};
		D231D61F24730A8900CEB7B2 /* LaunchScreen.storyboard */ = {
			isa = PBXVariantGroup;
			children = (
				D231D62024730A8900CEB7B2 /* Base */,
			);
			name = LaunchScreen.storyboard;
			sourceTree = "<group>";
		};
/* End PBXVariantGroup section */

/* Begin XCBuildConfiguration section */
		D231D62324730A8900CEB7B2 /* Debug */ = {
			isa = XCBuildConfiguration;
			buildSettings = {
				ALWAYS_SEARCH_USER_PATHS = NO;
				CLANG_ANALYZER_NONNULL = YES;
				CLANG_ANALYZER_NUMBER_OBJECT_CONVERSION = YES_AGGRESSIVE;
				CLANG_CXX_LANGUAGE_STANDARD = "gnu++14";
				CLANG_CXX_LIBRARY = "libc++";
				CLANG_ENABLE_MODULES = YES;
				CLANG_ENABLE_OBJC_ARC = YES;
				CLANG_ENABLE_OBJC_WEAK = YES;
				CLANG_WARN_BLOCK_CAPTURE_AUTORELEASING = YES;
				CLANG_WARN_BOOL_CONVERSION = YES;
				CLANG_WARN_COMMA = YES;
				CLANG_WARN_CONSTANT_CONVERSION = YES;
				CLANG_WARN_DEPRECATED_OBJC_IMPLEMENTATIONS = YES;
				CLANG_WARN_DIRECT_OBJC_ISA_USAGE = YES_ERROR;
				CLANG_WARN_DOCUMENTATION_COMMENTS = YES;
				CLANG_WARN_EMPTY_BODY = YES;
				CLANG_WARN_ENUM_CONVERSION = YES;
				CLANG_WARN_INFINITE_RECURSION = YES;
				CLANG_WARN_INT_CONVERSION = YES;
				CLANG_WARN_NON_LITERAL_NULL_CONVERSION = YES;
				CLANG_WARN_OBJC_IMPLICIT_RETAIN_SELF = YES;
				CLANG_WARN_OBJC_LITERAL_CONVERSION = YES;
				CLANG_WARN_OBJC_ROOT_CLASS = YES_ERROR;
				CLANG_WARN_RANGE_LOOP_ANALYSIS = YES;
				CLANG_WARN_STRICT_PROTOTYPES = YES;
				CLANG_WARN_SUSPICIOUS_MOVE = YES;
				CLANG_WARN_UNGUARDED_AVAILABILITY = YES_AGGRESSIVE;
				CLANG_WARN_UNREACHABLE_CODE = YES;
				CLANG_WARN__DUPLICATE_METHOD_MATCH = YES;
				COPY_PHASE_STRIP = NO;
				DEBUG_INFORMATION_FORMAT = dwarf;
				ENABLE_STRICT_OBJC_MSGSEND = YES;
				ENABLE_TESTABILITY = YES;
				GCC_C_LANGUAGE_STANDARD = gnu11;
				GCC_DYNAMIC_NO_PIC = NO;
				GCC_NO_COMMON_BLOCKS = YES;
				GCC_OPTIMIZATION_LEVEL = 0;
				GCC_PREPROCESSOR_DEFINITIONS = (
					"DEBUG=1",
					"$(inherited)",
				);
				GCC_WARN_64_TO_32_BIT_CONVERSION = YES;
				GCC_WARN_ABOUT_RETURN_TYPE = YES_ERROR;
				GCC_WARN_UNDECLARED_SELECTOR = YES;
				GCC_WARN_UNINITIALIZED_AUTOS = YES_AGGRESSIVE;
				GCC_WARN_UNUSED_FUNCTION = YES;
				GCC_WARN_UNUSED_VARIABLE = YES;
				IPHONEOS_DEPLOYMENT_TARGET = 13.2;
				MTL_ENABLE_DEBUG_INFO = INCLUDE_SOURCE;
				MTL_FAST_MATH = YES;
				ONLY_ACTIVE_ARCH = YES;
				SDKROOT = iphoneos;
				SWIFT_ACTIVE_COMPILATION_CONDITIONS = DEBUG;
				SWIFT_OPTIMIZATION_LEVEL = "-Onone";
			};
			name = Debug;
		};
		D231D62424730A8900CEB7B2 /* Release */ = {
			isa = XCBuildConfiguration;
			buildSettings = {
				ALWAYS_SEARCH_USER_PATHS = NO;
				CLANG_ANALYZER_NONNULL = YES;
				CLANG_ANALYZER_NUMBER_OBJECT_CONVERSION = YES_AGGRESSIVE;
				CLANG_CXX_LANGUAGE_STANDARD = "gnu++14";
				CLANG_CXX_LIBRARY = "libc++";
				CLANG_ENABLE_MODULES = YES;
				CLANG_ENABLE_OBJC_ARC = YES;
				CLANG_ENABLE_OBJC_WEAK = YES;
				CLANG_WARN_BLOCK_CAPTURE_AUTORELEASING = YES;
				CLANG_WARN_BOOL_CONVERSION = YES;
				CLANG_WARN_COMMA = YES;
				CLANG_WARN_CONSTANT_CONVERSION = YES;
				CLANG_WARN_DEPRECATED_OBJC_IMPLEMENTATIONS = YES;
				CLANG_WARN_DIRECT_OBJC_ISA_USAGE = YES_ERROR;
				CLANG_WARN_DOCUMENTATION_COMMENTS = YES;
				CLANG_WARN_EMPTY_BODY = YES;
				CLANG_WARN_ENUM_CONVERSION = YES;
				CLANG_WARN_INFINITE_RECURSION = YES;
				CLANG_WARN_INT_CONVERSION = YES;
				CLANG_WARN_NON_LITERAL_NULL_CONVERSION = YES;
				CLANG_WARN_OBJC_IMPLICIT_RETAIN_SELF = YES;
				CLANG_WARN_OBJC_LITERAL_CONVERSION = YES;
				CLANG_WARN_OBJC_ROOT_CLASS = YES_ERROR;
				CLANG_WARN_RANGE_LOOP_ANALYSIS = YES;
				CLANG_WARN_STRICT_PROTOTYPES = YES;
				CLANG_WARN_SUSPICIOUS_MOVE = YES;
				CLANG_WARN_UNGUARDED_AVAILABILITY = YES_AGGRESSIVE;
				CLANG_WARN_UNREACHABLE_CODE = YES;
				CLANG_WARN__DUPLICATE_METHOD_MATCH = YES;
				COPY_PHASE_STRIP = NO;
				DEBUG_INFORMATION_FORMAT = "dwarf-with-dsym";
				ENABLE_NS_ASSERTIONS = NO;
				ENABLE_STRICT_OBJC_MSGSEND = YES;
				GCC_C_LANGUAGE_STANDARD = gnu11;
				GCC_NO_COMMON_BLOCKS = YES;
				GCC_WARN_64_TO_32_BIT_CONVERSION = YES;
				GCC_WARN_ABOUT_RETURN_TYPE = YES_ERROR;
				GCC_WARN_UNDECLARED_SELECTOR = YES;
				GCC_WARN_UNINITIALIZED_AUTOS = YES_AGGRESSIVE;
				GCC_WARN_UNUSED_FUNCTION = YES;
				GCC_WARN_UNUSED_VARIABLE = YES;
				IPHONEOS_DEPLOYMENT_TARGET = 13.2;
				MTL_ENABLE_DEBUG_INFO = NO;
				MTL_FAST_MATH = YES;
				SDKROOT = iphoneos;
				SWIFT_COMPILATION_MODE = wholemodule;
				SWIFT_OPTIMIZATION_LEVEL = "-O";
				VALIDATE_PRODUCT = YES;
			};
			name = Release;
		};
		D231D62624730A8900CEB7B2 /* Debug */ = {
			isa = XCBuildConfiguration;
			buildSettings = {
				ASSETCATALOG_COMPILER_APPICON_NAME = AppIcon;
				CODE_SIGN_STYLE = Automatic;
				DEVELOPMENT_TEAM = B6U9AWB5W8;
				INFOPLIST_FILE = "Eat Better/Info.plist";
				LD_RUNPATH_SEARCH_PATHS = (
					"$(inherited)",
					"@executable_path/Frameworks",
				);
				PRODUCT_BUNDLE_IDENTIFIER = "com.Inna.Eat-Better";
				PRODUCT_NAME = "$(TARGET_NAME)";
				SWIFT_VERSION = 5.0;
				TARGETED_DEVICE_FAMILY = "1,2";
			};
			name = Debug;
		};
		D231D62724730A8900CEB7B2 /* Release */ = {
			isa = XCBuildConfiguration;
			buildSettings = {
				ASSETCATALOG_COMPILER_APPICON_NAME = AppIcon;
				CODE_SIGN_STYLE = Automatic;
				DEVELOPMENT_TEAM = B6U9AWB5W8;
				INFOPLIST_FILE = "Eat Better/Info.plist";
				LD_RUNPATH_SEARCH_PATHS = (
					"$(inherited)",
					"@executable_path/Frameworks",
				);
				PRODUCT_BUNDLE_IDENTIFIER = "com.Inna.Eat-Better";
				PRODUCT_NAME = "$(TARGET_NAME)";
				SWIFT_VERSION = 5.0;
				TARGETED_DEVICE_FAMILY = "1,2";
			};
			name = Release;
		};
/* End XCBuildConfiguration section */

/* Begin XCConfigurationList section */
		D231D60C24730A8700CEB7B2 /* Build configuration list for PBXProject "Eat Better" */ = {
			isa = XCConfigurationList;
			buildConfigurations = (
				D231D62324730A8900CEB7B2 /* Debug */,
				D231D62424730A8900CEB7B2 /* Release */,
			);
			defaultConfigurationIsVisible = 0;
			defaultConfigurationName = Release;
		};
		D231D62524730A8900CEB7B2 /* Build configuration list for PBXNativeTarget "Eat Better" */ = {
			isa = XCConfigurationList;
			buildConfigurations = (
				D231D62624730A8900CEB7B2 /* Debug */,
				D231D62724730A8900CEB7B2 /* Release */,
			);
			defaultConfigurationIsVisible = 0;
			defaultConfigurationName = Release;
		};
/* End XCConfigurationList section */
	};
	rootObject = D231D60924730A8700CEB7B2 /* Project object */;
}
